
Microsoft Visual Studio Solution File, Format Version 12.00
# Visual Studio 14
VisualStudioVersion = 14.0.25420.1
MinimumVisualStudioVersion = 10.0.40219.1
Project("{FAE04EC0-301F-11D3-BF4B-00C04F79EFBC}") = "TitaniumEagleCore", "TitaniumEagleCore\TitaniumEagleCore.csproj", "{4445742D-8586-45B1-B267-B72B333E6DBB}"
EndProject
Global
	GlobalSection(SolutionConfigurationPlatforms) = preSolution
		Debug|Any CPU = Debug|Any CPU
		Release|Any CPU = Release|Any CPU
	EndGlobalSection
	GlobalSection(ProjectConfigurationPlatforms) = postSolution
		{4445742D-8586-45B1-B267-B72B333E6DBB}.Debug|Any CPU.ActiveCfg = Debug|Any CPU
		{4445742D-8586-45B1-B267-B72B333E6DBB}.Debug|Any CPU.Build.0 = Debug|Any CPU
		{4445742D-8586-45B1-B267-B72B333E6DBB}.Release|Any CPU.ActiveCfg = Release|Any CPU
		{4445742D-8586-45B1-B267-B72B333E6DBB}.Release|Any CPU.Build.0 = Release|Any CPU
	EndGlobalSection
	GlobalSection(SolutionProperties) = preSolution
		HideSolutionNode = FALSE
	EndGlobalSection
EndGlobal
